// !$*UTF8*$!
{
	archiveVersion = 1;
	classes = {
	};
	objectVersion = 50;
	objects = {

/* Begin PBXBuildFile section */
		8530FF9B2434256700A594CA /* AppDelegate.swift in Sources */ = {isa = PBXBuildFile; fileRef = 8530FF9A2434256700A594CA /* AppDelegate.swift */; };
		8530FF9D2434256700A594CA /* SceneDelegate.swift in Sources */ = {isa = PBXBuildFile; fileRef = 8530FF9C2434256700A594CA /* SceneDelegate.swift */; };
		8530FF9F2434256700A594CA /* ViewController.swift in Sources */ = {isa = PBXBuildFile; fileRef = 8530FF9E2434256700A594CA /* ViewController.swift */; };
		8530FFA22434256700A594CA /* Main.storyboard in Resources */ = {isa = PBXBuildFile; fileRef = 8530FFA02434256700A594CA /* Main.storyboard */; };
		8530FFA52434256700A594CA /* BookStore_2.xcdatamodeld in Sources */ = {isa = PBXBuildFile; fileRef = 8530FFA32434256700A594CA /* BookStore_2.xcdatamodeld */; };
		8530FFA72434256900A594CA /* Assets.xcassets in Resources */ = {isa = PBXBuildFile; fileRef = 8530FFA62434256900A594CA /* Assets.xcassets */; };
		8530FFAA2434256900A594CA /* LaunchScreen.storyboard in Resources */ = {isa = PBXBuildFile; fileRef = 8530FFA82434256900A594CA /* LaunchScreen.storyboard */; };
/* End PBXBuildFile section */

/* Begin PBXFileReference section */
		8530FF972434256700A594CA /* BookStore_2.app */ = {isa = PBXFileReference; explicitFileType = wrapper.application; includeInIndex = 0; path = BookStore_2.app; sourceTree = BUILT_PRODUCTS_DIR; };
		8530FF9A2434256700A594CA /* AppDelegate.swift */ = {isa = PBXFileReference; lastKnownFileType = sourcecode.swift; path = AppDelegate.swift; sourceTree = "<group>"; };
		8530FF9C2434256700A594CA /* SceneDelegate.swift */ = {isa = PBXFileReference; lastKnownFileType = sourcecode.swift; path = SceneDelegate.swift; sourceTree = "<group>"; };
		8530FF9E2434256700A594CA /* ViewController.swift */ = {isa = PBXFileReference; lastKnownFileType = sourcecode.swift; path = ViewController.swift; sourceTree = "<group>"; };
		8530FFA12434256700A594CA /* Base */ = {isa = PBXFileReference; lastKnownFileType = file.storyboard; name = Base; path = Base.lproj/Main.storyboard; sourceTree = "<group>"; };
		8530FFA42434256700A594CA /* BookStore_2.xcdatamodel */ = {isa = PBXFileReference; lastKnownFileType = wrapper.xcdatamodel; path = BookStore_2.xcdatamodel; sourceTree = "<group>"; };
		8530FFA62434256900A594CA /* Assets.xcassets */ = {isa = PBXFileReference; lastKnownFileType = folder.assetcatalog; path = Assets.xcassets; sourceTree = "<group>"; };
		8530FFA92434256900A594CA /* Base */ = {isa = PBXFileReference; lastKnownFileType = file.storyboard; name = Base; path = Base.lproj/LaunchScreen.storyboard; sourceTree = "<group>"; };
		8530FFAB2434256900A594CA /* Info.plist */ = {isa = PBXFileReference; lastKnownFileType = text.plist.xml; path = Info.plist; sourceTree = "<group>"; };
/* End PBXFileReference section */

/* Begin PBXFrameworksBuildPhase section */
		8530FF942434256700A594CA /* Frameworks */ = {
			isa = PBXFrameworksBuildPhase;
			buildActionMask = 2147483647;
			files = (
			);
			runOnlyForDeploymentPostprocessing = 0;
		};
/* End PBXFrameworksBuildPhase section */

/* Begin PBXGroup section */
		8530FF8E2434256700A594CA = {
			isa = PBXGroup;
			children = (
				8530FF992434256700A594CA /* BookStore_2 */,
				8530FF982434256700A594CA /* Products */,
			);
			sourceTree = "<group>";
		};
		8530FF982434256700A594CA /* Products */ = {
			isa = PBXGroup;
			children = (
				8530FF972434256700A594CA /* BookStore_2.app */,
			);
			name = Products;
			sourceTree = "<group>";
		};
		8530FF992434256700A594CA /* BookStore_2 */ = {
			isa = PBXGroup;
			children = (
				8530FF9A2434256700A594CA /* AppDelegate.swift */,
				8530FF9C2434256700A594CA /* SceneDelegate.swift */,
				8530FF9E2434256700A594CA /* ViewController.swift */,
				8530FFA02434256700A594CA /* Main.storyboard */,
				8530FFA62434256900A594CA /* Assets.xcassets */,
				8530FFA82434256900A594CA /* LaunchScreen.storyboard */,
				8530FFAB2434256900A594CA /* Info.plist */,
				8530FFA32434256700A594CA /* BookStore_2.xcdatamodeld */,
			);
			path = BookStore_2;
			sourceTree = "<group>";
		};
/* End PBXGroup section */

/* Begin PBXNativeTarget section */
		8530FF962434256700A594CA /* BookStore_2 */ = {
			isa = PBXNativeTarget;
			buildConfigurationList = 8530FFAE2434256900A594CA /* Build configuration list for PBXNativeTarget "BookStore_2" */;
			buildPhases = (
				8530FF932434256700A594CA /* Sources */,
				8530FF942434256700A594CA /* Frameworks */,
				8530FF952434256700A594CA /* Resources */,
			);
			buildRules = (
			);
			dependencies = (
			);
			name = BookStore_2;
			productName = BookStore_2;
			productReference = 8530FF972434256700A594CA /* BookStore_2.app */;
			productType = "com.apple.product-type.application";
		};
/* End PBXNativeTarget section */

/* Begin PBXProject section */
		8530FF8F2434256700A594CA /* Project object */ = {
			isa = PBXProject;
			attributes = {
				LastSwiftUpdateCheck = 1130;
				LastUpgradeCheck = 1130;
				ORGANIZATIONNAME = "Hugo A Valencia";
				TargetAttributes = {
					8530FF962434256700A594CA = {
						CreatedOnToolsVersion = 11.3.1;
					};
				};
			};
			buildConfigurationList = 8530FF922434256700A594CA /* Build configuration list for PBXProject "BookStore_2" */;
			compatibilityVersion = "Xcode 9.3";
			developmentRegion = en;
			hasScannedForEncodings = 0;
			knownRegions = (
				en,
				Base,
			);
			mainGroup = 8530FF8E2434256700A594CA;
			productRefGroup = 8530FF982434256700A594CA /* Products */;
			projectDirPath = "";
			projectRoot = "";
			targets = (
				8530FF962434256700A594CA /* BookStore_2 */,
			);
		};
/* End PBXProject section */

/* Begin PBXResourcesBuildPhase section */
		8530FF952434256700A594CA /* Resources */ = {
			isa = PBXResourcesBuildPhase;
			buildActionMask = 2147483647;
			files = (
				8530FFAA2434256900A594CA /* LaunchScreen.storyboard in Resources */,
				8530FFA72434256900A594CA /* Assets.xcassets in Resources */,
				8530FFA22434256700A594CA /* Main.storyboard in Resources */,
			);
			runOnlyForDeploymentPostprocessing = 0;
		};
/* End PBXResourcesBuildPhase section */

/* Begin PBXSourcesBuildPhase section */
		8530FF932434256700A594CA /* Sources */ = {
			isa = PBXSourcesBuildPhase;
			buildActionMask = 2147483647;
			files = (
				8530FF9F2434256700A594CA /* ViewController.swift in Sources */,
				8530FFA52434256700A594CA /* BookStore_2.xcdatamodeld in Sources */,
				8530FF9B2434256700A594CA /* AppDelegate.swift in Sources */,
				8530FF9D2434256700A594CA /* SceneDelegate.swift in Sources */,
			);
			runOnlyForDeploymentPostprocessing = 0;
		};
/* End PBXSourcesBuildPhase section */

/* Begin PBXVariantGroup section */
		8530FFA02434256700A594CA /* Main.storyboard */ = {
			isa = PBXVariantGroup;
			children = (
				8530FFA12434256700A594CA /* Base */,
			);
			name = Main.storyboard;
			sourceTree = "<group>";
		};
		8530FFA82434256900A594CA /* LaunchScreen.storyboard */ = {
			isa = PBXVariantGroup;
			children = (
				8530FFA92434256900A594CA /* Base */,
			);
			name = LaunchScreen.storyboard;
			sourceTree = "<group>";
		};
/* End PBXVariantGroup section */

/* Begin XCBuildConfiguration section */
		8530FFAC2434256900A594CA /* Debug */ = {
			isa = XCBuildConfiguration;
			buildSettings = {
				ALWAYS_SEARCH_USER_PATHS = NO;
				CLANG_ANALYZER_NONNULL = YES;
				CLANG_ANALYZER_NUMBER_OBJECT_CONVERSION = YES_AGGRESSIVE;
				CLANG_CXX_LANGUAGE_STANDARD = "gnu++14";
				CLANG_CXX_LIBRARY = "libc++";
				CLANG_ENABLE_MODULES = YES;
				CLANG_ENABLE_OBJC_ARC = YES;
				CLANG_ENABLE_OBJC_WEAK = YES;
				CLANG_WARN_BLOCK_CAPTURE_AUTORELEASING = YES;
				CLANG_WARN_BOOL_CONVERSION = YES;
				CLANG_WARN_COMMA = YES;
				CLANG_WARN_CONSTANT_CONVERSION = YES;
				CLANG_WARN_DEPRECATED_OBJC_IMPLEMENTATIONS = YES;
				CLANG_WARN_DIRECT_OBJC_ISA_USAGE = YES_ERROR;
				CLANG_WARN_DOCUMENTATION_COMMENTS = YES;
				CLANG_WARN_EMPTY_BODY = YES;
				CLANG_WARN_ENUM_CONVERSION = YES;
				CLANG_WARN_INFINITE_RECURSION = YES;
				CLANG_WARN_INT_CONVERSION = YES;
				CLANG_WARN_NON_LITERAL_NULL_CONVERSION = YES;
				CLANG_WARN_OBJC_IMPLICIT_RETAIN_SELF = YES;
				CLANG_WARN_OBJC_LITERAL_CONVERSION = YES;
				CLANG_WARN_OBJC_ROOT_CLASS = YES_ERROR;
				CLANG_WARN_RANGE_LOOP_ANALYSIS = YES;
				CLANG_WARN_STRICT_PROTOTYPES = YES;
				CLANG_WARN_SUSPICIOUS_MOVE = YES;
				CLANG_WARN_UNGUARDED_AVAILABILITY = YES_AGGRESSIVE;
				CLANG_WARN_UNREACHABLE_CODE = YES;
				CLANG_WARN__DUPLICATE_METHOD_MATCH = YES;
				COPY_PHASE_STRIP = NO;
				DEBUG_INFORMATION_FORMAT = dwarf;
				ENABLE_STRICT_OBJC_MSGSEND = YES;
				ENABLE_TESTABILITY = YES;
				GCC_C_LANGUAGE_STANDARD = gnu11;
				GCC_DYNAMIC_NO_PIC = NO;
				GCC_NO_COMMON_BLOCKS = YES;
				GCC_OPTIMIZATION_LEVEL = 0;
				GCC_PREPROCESSOR_DEFINITIONS = (
					"DEBUG=1",
					"$(inherited)",
				);
				GCC_WARN_64_TO_32_BIT_CONVERSION = YES;
				GCC_WARN_ABOUT_RETURN_TYPE = YES_ERROR;
				GCC_WARN_UNDECLARED_SELECTOR = YES;
				GCC_WARN_UNINITIALIZED_AUTOS = YES_AGGRESSIVE;
				GCC_WARN_UNUSED_FUNCTION = YES;
				GCC_WARN_UNUSED_VARIABLE = YES;
				IPHONEOS_DEPLOYMENT_TARGET = 13.2;
				MTL_ENABLE_DEBUG_INFO = INCLUDE_SOURCE;
				MTL_FAST_MATH = YES;
				ONLY_ACTIVE_ARCH = YES;
				SDKROOT = iphoneos;
				SWIFT_ACTIVE_COMPILATION_CONDITIONS = DEBUG;
				SWIFT_OPTIMIZATION_LEVEL = "-Onone";
			};
			name = Debug;
		};
		8530FFAD2434256900A594CA /* Release */ = {
			isa = XCBuildConfiguration;
			buildSettings = {
				ALWAYS_SEARCH_USER_PATHS = NO;
				CLANG_ANALYZER_NONNULL = YES;
				CLANG_ANALYZER_NUMBER_OBJECT_CONVERSION = YES_AGGRESSIVE;
				CLANG_CXX_LANGUAGE_STANDARD = "gnu++14";
				CLANG_CXX_LIBRARY = "libc++";
				CLANG_ENABLE_MODULES = YES;
				CLANG_ENABLE_OBJC_ARC = YES;
				CLANG_ENABLE_OBJC_WEAK = YES;
				CLANG_WARN_BLOCK_CAPTURE_AUTORELEASING = YES;
				CLANG_WARN_BOOL_CONVERSION = YES;
				CLANG_WARN_COMMA = YES;
				CLANG_WARN_CONSTANT_CONVERSION = YES;
				CLANG_WARN_DEPRECATED_OBJC_IMPLEMENTATIONS = YES;
				CLANG_WARN_DIRECT_OBJC_ISA_USAGE = YES_ERROR;
				CLANG_WARN_DOCUMENTATION_COMMENTS = YES;
				CLANG_WARN_EMPTY_BODY = YES;
				CLANG_WARN_ENUM_CONVERSION = YES;
				CLANG_WARN_INFINITE_RECURSION = YES;
				CLANG_WARN_INT_CONVERSION = YES;
				CLANG_WARN_NON_LITERAL_NULL_CONVERSION = YES;
				CLANG_WARN_OBJC_IMPLICIT_RETAIN_SELF = YES;
				CLANG_WARN_OBJC_LITERAL_CONVERSION = YES;
				CLANG_WARN_OBJC_ROOT_CLASS = YES_ERROR;
				CLANG_WARN_RANGE_LOOP_ANALYSIS = YES;
				CLANG_WARN_STRICT_PROTOTYPES = YES;
				CLANG_WARN_SUSPICIOUS_MOVE = YES;
				CLANG_WARN_UNGUARDED_AVAILABILITY = YES_AGGRESSIVE;
				CLANG_WARN_UNREACHABLE_CODE = YES;
				CLANG_WARN__DUPLICATE_METHOD_MATCH = YES;
				COPY_PHASE_STRIP = NO;
				DEBUG_INFORMATION_FORMAT = "dwarf-with-dsym";
				ENABLE_NS_ASSERTIONS = NO;
				ENABLE_STRICT_OBJC_MSGSEND = YES;
				GCC_C_LANGUAGE_STANDARD = gnu11;
				GCC_NO_COMMON_BLOCKS = YES;
				GCC_WARN_64_TO_32_BIT_CONVERSION = YES;
				GCC_WARN_ABOUT_RETURN_TYPE = YES_ERROR;
				GCC_WARN_UNDECLARED_SELECTOR = YES;
				GCC_WARN_UNINITIALIZED_AUTOS = YES_AGGRESSIVE;
				GCC_WARN_UNUSED_FUNCTION = YES;
				GCC_WARN_UNUSED_VARIABLE = YES;
				IPHONEOS_DEPLOYMENT_TARGET = 13.2;
				MTL_ENABLE_DEBUG_INFO = NO;
				MTL_FAST_MATH = YES;
				SDKROOT = iphoneos;
				SWIFT_COMPILATION_MODE = wholemodule;
				SWIFT_OPTIMIZATION_LEVEL = "-O";
				VALIDATE_PRODUCT = YES;
			};
			name = Release;
		};
		8530FFAF2434256900A594CA /* Debug */ = {
			isa = XCBuildConfiguration;
			buildSettings = {
				ASSETCATALOG_COMPILER_APPICON_NAME = AppIcon;
				CODE_SIGN_STYLE = Automatic;
				INFOPLIST_FILE = BookStore_2/Info.plist;
				LD_RUNPATH_SEARCH_PATHS = (
					"$(inherited)",
					"@executable_path/Frameworks",
				);
				PRODUCT_BUNDLE_IDENTIFIER = "Hugo-A-Valencia.BookStore-2";
				PRODUCT_NAME = "$(TARGET_NAME)";
				SWIFT_VERSION = 5.0;
				TARGETED_DEVICE_FAMILY = "1,2";
			};
			name = Debug;
		};
		8530FFB02434256900A594CA /* Release */ = {
			isa = XCBuildConfiguration;
			buildSettings = {
				ASSETCATALOG_COMPILER_APPICON_NAME = AppIcon;
				CODE_SIGN_STYLE = Automatic;
				INFOPLIST_FILE = BookStore_2/Info.plist;
				LD_RUNPATH_SEARCH_PATHS = (
					"$(inherited)",
					"@executable_path/Frameworks",
				);
				PRODUCT_BUNDLE_IDENTIFIER = "Hugo-A-Valencia.BookStore-2";
				PRODUCT_NAME = "$(TARGET_NAME)";
				SWIFT_VERSION = 5.0;
				TARGETED_DEVICE_FAMILY = "1,2";
			};
			name = Release;
		};
/* End XCBuildConfiguration section */

/* Begin XCConfigurationList section */
		8530FF922434256700A594CA /* Build configuration list for PBXProject "BookStore_2" */ = {
			isa = XCConfigurationList;
			buildConfigurations = (
				8530FFAC2434256900A594CA /* Debug */,
				8530FFAD2434256900A594CA /* Release */,
			);
			defaultConfigurationIsVisible = 0;
			defaultConfigurationName = Release;
		};
		8530FFAE2434256900A594CA /* Build configuration list for PBXNativeTarget "BookStore_2" */ = {
			isa = XCConfigurationList;
			buildConfigurations = (
				8530FFAF2434256900A594CA /* Debug */,
				8530FFB02434256900A594CA /* Release */,
			);
			defaultConfigurationIsVisible = 0;
			defaultConfigurationName = Release;
		};
/* End XCConfigurationList section */

/* Begin XCVersionGroup section */
		8530FFA32434256700A594CA /* BookStore_2.xcdatamodeld */ = {
			isa = XCVersionGroup;
			children = (
				8530FFA42434256700A594CA /* BookStore_2.xcdatamodel */,
			);
			currentVersion = 8530FFA42434256700A594CA /* BookStore_2.xcdatamodel */;
			path = BookStore_2.xcdatamodeld;
			sourceTree = "<group>";
			versionGroupType = wrapper.xcdatamodel;
		};
/* End XCVersionGroup section */
	};
	rootObject = 8530FF8F2434256700A594CA /* Project object */;
}
